// !$*UTF8*$!
{
	archiveVersion = 1;
	classes = {
	};
	objectVersion = 77;
	objects = {

/* Begin PBXBuildFile section */
		1A1EA61B2D9861FB00294D9A /* SSOTokenManager.swift in Sources */ = {isa = PBXBuildFile; fileRef = 1A1EA61A2D9861F500294D9A /* SSOTokenManager.swift */; };
		1A1EA61C2D9861FB00294D9A /* SSOTokenManager.swift in Sources */ = {isa = PBXBuildFile; fileRef = 1A1EA61A2D9861F500294D9A /* SSOTokenManager.swift */; };
		1A1EA61D2D9861FB00294D9A /* SSOTokenManager.swift in Sources */ = {isa = PBXBuildFile; fileRef = 1A1EA61A2D9861F500294D9A /* SSOTokenManager.swift */; };
		1A430D432D9787E60030579F /* AWS_CLI_GatewayUITestsLaunchTests.swift in Sources */ = {isa = PBXBuildFile; fileRef = 1A430D412D9787E60030579F /* AWS_CLI_GatewayUITestsLaunchTests.swift */; };
		1A430D442D9787E60030579F /* AWS_CLI_GatewayTests.swift in Sources */ = {isa = PBXBuildFile; fileRef = 1A430D3E2D9787E60030579F /* AWS_CLI_GatewayTests.swift */; };
		1A430D452D9787E60030579F /* AWS_CLI_GatewayUITests.swift in Sources */ = {isa = PBXBuildFile; fileRef = 1A430D402D9787E60030579F /* AWS_CLI_GatewayUITests.swift */; };
		1A430D462D9787E60030579F /* AWS_CLI_GatewayUITestsLaunchTests.swift in Sources */ = {isa = PBXBuildFile; fileRef = 1A430D412D9787E60030579F /* AWS_CLI_GatewayUITestsLaunchTests.swift */; };
		1A430D472D9787E60030579F /* AWS_CLI_GatewayTests.swift in Sources */ = {isa = PBXBuildFile; fileRef = 1A430D3E2D9787E60030579F /* AWS_CLI_GatewayTests.swift */; };
		1A430D482D9787E60030579F /* AWS_CLI_GatewayUITests.swift in Sources */ = {isa = PBXBuildFile; fileRef = 1A430D402D9787E60030579F /* AWS_CLI_GatewayUITests.swift */; };
		1A7BC9EE2D9C991B003A4C1D /* ScriptManager.swift in Sources */ = {isa = PBXBuildFile; fileRef = 1A7BC9ED2D9C9918003A4C1D /* ScriptManager.swift */; };
		1A7BC9EF2D9C991B003A4C1D /* ScriptManager.swift in Sources */ = {isa = PBXBuildFile; fileRef = 1A7BC9ED2D9C9918003A4C1D /* ScriptManager.swift */; };
		1A7BC9F02D9C991B003A4C1D /* ScriptManager.swift in Sources */ = {isa = PBXBuildFile; fileRef = 1A7BC9ED2D9C9918003A4C1D /* ScriptManager.swift */; };
		1A96BB622D78823700C64C80 /* Preview Assets.xcassets in Resources */ = {isa = PBXBuildFile; fileRef = 1A96BB4E2D78823700C64C80 /* Preview Assets.xcassets */; };
		1A96BB632D78823700C64C80 /* Assets.xcassets in Resources */ = {isa = PBXBuildFile; fileRef = 1A96BB522D78823700C64C80 /* Assets.xcassets */; };
		1A96BB642D78823700C64C80 /* ProfilesView.swift in Sources */ = {isa = PBXBuildFile; fileRef = 1A96BB5B2D78823700C64C80 /* ProfilesView.swift */; };
		1A96BB652D78823700C64C80 /* StatusIndicator.swift in Sources */ = {isa = PBXBuildFile; fileRef = 1A96BB5F2D78823700C64C80 /* StatusIndicator.swift */; };
		1A96BB662D78823700C64C80 /* ContentViewModel.swift in Sources */ = {isa = PBXBuildFile; fileRef = 1A96BB592D78823700C64C80 /* ContentViewModel.swift */; };
		1A96BB672D78823700C64C80 /* SessionCountdownView.swift in Sources */ = {isa = PBXBuildFile; fileRef = 1A96BB5C2D78823700C64C80 /* SessionCountdownView.swift */; };
		1A96BB682D78823700C64C80 /* ConfigManager.swift in Sources */ = {isa = PBXBuildFile; fileRef = 1A96BB562D78823700C64C80 /* ConfigManager.swift */; };
		1A96BB692D78823700C64C80 /* ContentView.swift in Sources */ = {isa = PBXBuildFile; fileRef = 1A96BB582D78823700C64C80 /* ContentView.swift */; };
		1A96BB6A2D78823700C64C80 /* SSOProfile.swift in Sources */ = {isa = PBXBuildFile; fileRef = 1A96BB5E2D78823700C64C80 /* SSOProfile.swift */; };
		1A96BB6B2D78823700C64C80 /* AppDelegate.swift in Sources */ = {isa = PBXBuildFile; fileRef = 1A96BB512D78823700C64C80 /* AppDelegate.swift */; };
		1A96BB6C2D78823700C64C80 /* WindowManager.swift in Sources */ = {isa = PBXBuildFile; fileRef = 1A96BB602D78823700C64C80 /* WindowManager.swift */; };
		1A96BB6D2D78823700C64C80 /* Constants.swift in Sources */ = {isa = PBXBuildFile; fileRef = 1A96BB572D78823700C64C80 /* Constants.swift */; };
		1A96BB6E2D78823700C64C80 /* SessionManager.swift in Sources */ = {isa = PBXBuildFile; fileRef = 1A96BB5D2D78823700C64C80 /* SessionManager.swift */; };
		1A96BB6F2D78823700C64C80 /* AWS_CLI_GatewayApp.swift in Sources */ = {isa = PBXBuildFile; fileRef = 1A96BB542D78823700C64C80 /* AWS_CLI_GatewayApp.swift */; };
		1A96BB702D78823700C64C80 /* CommandRunner.swift in Sources */ = {isa = PBXBuildFile; fileRef = 1A96BB552D78823700C64C80 /* CommandRunner.swift */; };
		1A96BB712D78823700C64C80 /* MenuBarManager.swift in Sources */ = {isa = PBXBuildFile; fileRef = 1A96BB5A2D78823700C64C80 /* MenuBarManager.swift */; };
		1A96BB722D78823700C64C80 /* AddProfileView.swift in Sources */ = {isa = PBXBuildFile; fileRef = 1A96BB502D78823700C64C80 /* AddProfileView.swift */; };
		1A96BB732D78823700C64C80 /* ProfilesView.swift in Sources */ = {isa = PBXBuildFile; fileRef = 1A96BB5B2D78823700C64C80 /* ProfilesView.swift */; };
		1A96BB742D78823700C64C80 /* StatusIndicator.swift in Sources */ = {isa = PBXBuildFile; fileRef = 1A96BB5F2D78823700C64C80 /* StatusIndicator.swift */; };
		1A96BB752D78823700C64C80 /* ContentViewModel.swift in Sources */ = {isa = PBXBuildFile; fileRef = 1A96BB592D78823700C64C80 /* ContentViewModel.swift */; };
		1A96BB762D78823700C64C80 /* SessionCountdownView.swift in Sources */ = {isa = PBXBuildFile; fileRef = 1A96BB5C2D78823700C64C80 /* SessionCountdownView.swift */; };
		1A96BB772D78823700C64C80 /* ConfigManager.swift in Sources */ = {isa = PBXBuildFile; fileRef = 1A96BB562D78823700C64C80 /* ConfigManager.swift */; };
		1A96BB782D78823700C64C80 /* ContentView.swift in Sources */ = {isa = PBXBuildFile; fileRef = 1A96BB582D78823700C64C80 /* ContentView.swift */; };
		1A96BB792D78823700C64C80 /* SSOProfile.swift in Sources */ = {isa = PBXBuildFile; fileRef = 1A96BB5E2D78823700C64C80 /* SSOProfile.swift */; };
		1A96BB7A2D78823700C64C80 /* AppDelegate.swift in Sources */ = {isa = PBXBuildFile; fileRef = 1A96BB512D78823700C64C80 /* AppDelegate.swift */; };
		1A96BB7B2D78823700C64C80 /* WindowManager.swift in Sources */ = {isa = PBXBuildFile; fileRef = 1A96BB602D78823700C64C80 /* WindowManager.swift */; };
		1A96BB7C2D78823700C64C80 /* Constants.swift in Sources */ = {isa = PBXBuildFile; fileRef = 1A96BB572D78823700C64C80 /* Constants.swift */; };
		1A96BB7D2D78823700C64C80 /* SessionManager.swift in Sources */ = {isa = PBXBuildFile; fileRef = 1A96BB5D2D78823700C64C80 /* SessionManager.swift */; };
		1A96BB7E2D78823700C64C80 /* AWS_CLI_GatewayApp.swift in Sources */ = {isa = PBXBuildFile; fileRef = 1A96BB542D78823700C64C80 /* AWS_CLI_GatewayApp.swift */; };
		1A96BB7F2D78823700C64C80 /* CommandRunner.swift in Sources */ = {isa = PBXBuildFile; fileRef = 1A96BB552D78823700C64C80 /* CommandRunner.swift */; };
		1A96BB802D78823700C64C80 /* MenuBarManager.swift in Sources */ = {isa = PBXBuildFile; fileRef = 1A96BB5A2D78823700C64C80 /* MenuBarManager.swift */; };
		1A96BB812D78823700C64C80 /* AddProfileView.swift in Sources */ = {isa = PBXBuildFile; fileRef = 1A96BB502D78823700C64C80 /* AddProfileView.swift */; };
		1A96BB822D78823700C64C80 /* Preview Assets.xcassets in Resources */ = {isa = PBXBuildFile; fileRef = 1A96BB4E2D78823700C64C80 /* Preview Assets.xcassets */; };
		1A96BB832D78823700C64C80 /* Assets.xcassets in Resources */ = {isa = PBXBuildFile; fileRef = 1A96BB522D78823700C64C80 /* Assets.xcassets */; };
		1A96BB842D78823700C64C80 /* Preview Assets.xcassets in Resources */ = {isa = PBXBuildFile; fileRef = 1A96BB4E2D78823700C64C80 /* Preview Assets.xcassets */; };
		1A96BB852D78823700C64C80 /* Assets.xcassets in Resources */ = {isa = PBXBuildFile; fileRef = 1A96BB522D78823700C64C80 /* Assets.xcassets */; };
		1A96BB862D78823700C64C80 /* ProfilesView.swift in Sources */ = {isa = PBXBuildFile; fileRef = 1A96BB5B2D78823700C64C80 /* ProfilesView.swift */; };
		1A96BB872D78823700C64C80 /* StatusIndicator.swift in Sources */ = {isa = PBXBuildFile; fileRef = 1A96BB5F2D78823700C64C80 /* StatusIndicator.swift */; };
		1A96BB882D78823700C64C80 /* ContentViewModel.swift in Sources */ = {isa = PBXBuildFile; fileRef = 1A96BB592D78823700C64C80 /* ContentViewModel.swift */; };
		1A96BB892D78823700C64C80 /* SessionCountdownView.swift in Sources */ = {isa = PBXBuildFile; fileRef = 1A96BB5C2D78823700C64C80 /* SessionCountdownView.swift */; };
		1A96BB8A2D78823700C64C80 /* ConfigManager.swift in Sources */ = {isa = PBXBuildFile; fileRef = 1A96BB562D78823700C64C80 /* ConfigManager.swift */; };
		1A96BB8B2D78823700C64C80 /* ContentView.swift in Sources */ = {isa = PBXBuildFile; fileRef = 1A96BB582D78823700C64C80 /* ContentView.swift */; };
		1A96BB8C2D78823700C64C80 /* SSOProfile.swift in Sources */ = {isa = PBXBuildFile; fileRef = 1A96BB5E2D78823700C64C80 /* SSOProfile.swift */; };
		1A96BB8D2D78823700C64C80 /* AppDelegate.swift in Sources */ = {isa = PBXBuildFile; fileRef = 1A96BB512D78823700C64C80 /* AppDelegate.swift */; };
		1A96BB8E2D78823700C64C80 /* WindowManager.swift in Sources */ = {isa = PBXBuildFile; fileRef = 1A96BB602D78823700C64C80 /* WindowManager.swift */; };
		1A96BB8F2D78823700C64C80 /* Constants.swift in Sources */ = {isa = PBXBuildFile; fileRef = 1A96BB572D78823700C64C80 /* Constants.swift */; };
		1A96BB902D78823700C64C80 /* SessionManager.swift in Sources */ = {isa = PBXBuildFile; fileRef = 1A96BB5D2D78823700C64C80 /* SessionManager.swift */; };
		1A96BB912D78823700C64C80 /* AWS_CLI_GatewayApp.swift in Sources */ = {isa = PBXBuildFile; fileRef = 1A96BB542D78823700C64C80 /* AWS_CLI_GatewayApp.swift */; };
		1A96BB922D78823700C64C80 /* CommandRunner.swift in Sources */ = {isa = PBXBuildFile; fileRef = 1A96BB552D78823700C64C80 /* CommandRunner.swift */; };
		1A96BB932D78823700C64C80 /* MenuBarManager.swift in Sources */ = {isa = PBXBuildFile; fileRef = 1A96BB5A2D78823700C64C80 /* MenuBarManager.swift */; };
		1A96BB942D78823700C64C80 /* AddProfileView.swift in Sources */ = {isa = PBXBuildFile; fileRef = 1A96BB502D78823700C64C80 /* AddProfileView.swift */; };
		1A96BB962D7B429D00C64C80 /* ProfileHistoryManager.swift in Sources */ = {isa = PBXBuildFile; fileRef = 1A96BB952D7B429800C64C80 /* ProfileHistoryManager.swift */; };
		1A96BB972D7B429D00C64C80 /* ProfileHistoryManager.swift in Sources */ = {isa = PBXBuildFile; fileRef = 1A96BB952D7B429800C64C80 /* ProfileHistoryManager.swift */; };
		1A96BB982D7B429D00C64C80 /* ProfileHistoryManager.swift in Sources */ = {isa = PBXBuildFile; fileRef = 1A96BB952D7B429800C64C80 /* ProfileHistoryManager.swift */; };
		F27D5A482D96E07A00261F26 /* ManagerModels.swift in Sources */ = {isa = PBXBuildFile; fileRef = F27D5A472D96E07500261F26 /* ManagerModels.swift */; };
		F27D5A492D96E07A00261F26 /* ManagerModels.swift in Sources */ = {isa = PBXBuildFile; fileRef = F27D5A472D96E07500261F26 /* ManagerModels.swift */; };
		F27D5A4A2D96E07A00261F26 /* ManagerModels.swift in Sources */ = {isa = PBXBuildFile; fileRef = F27D5A472D96E07500261F26 /* ManagerModels.swift */; };
/* End PBXBuildFile section */

/* Begin PBXContainerItemProxy section */
		1A97FA852D765E310059C29D /* PBXContainerItemProxy */ = {
			isa = PBXContainerItemProxy;
			containerPortal = 1A97FA6B2D765E300059C29D /* Project object */;
			proxyType = 1;
			remoteGlobalIDString = 1A97FA722D765E300059C29D;
			remoteInfo = "AWS SSO Gateway";
		};
		1A97FA8F2D765E310059C29D /* PBXContainerItemProxy */ = {
			isa = PBXContainerItemProxy;
			containerPortal = 1A97FA6B2D765E300059C29D /* Project object */;
			proxyType = 1;
			remoteGlobalIDString = 1A97FA722D765E300059C29D;
			remoteInfo = "AWS SSO Gateway";
		};
/* End PBXContainerItemProxy section */

/* Begin PBXFileReference section */
		1A1EA61A2D9861F500294D9A /* SSOTokenManager.swift */ = {isa = PBXFileReference; lastKnownFileType = sourcecode.swift; path = SSOTokenManager.swift; sourceTree = "<group>"; };
		1A430D3E2D9787E60030579F /* AWS_CLI_GatewayTests.swift */ = {isa = PBXFileReference; lastKnownFileType = sourcecode.swift; path = AWS_CLI_GatewayTests.swift; sourceTree = "<group>"; };
		1A430D402D9787E60030579F /* AWS_CLI_GatewayUITests.swift */ = {isa = PBXFileReference; lastKnownFileType = sourcecode.swift; path = AWS_CLI_GatewayUITests.swift; sourceTree = "<group>"; };
		1A430D412D9787E60030579F /* AWS_CLI_GatewayUITestsLaunchTests.swift */ = {isa = PBXFileReference; lastKnownFileType = sourcecode.swift; path = AWS_CLI_GatewayUITestsLaunchTests.swift; sourceTree = "<group>"; };
		1A7BC9ED2D9C9918003A4C1D /* ScriptManager.swift */ = {isa = PBXFileReference; lastKnownFileType = sourcecode.swift; path = ScriptManager.swift; sourceTree = "<group>"; };
		1A96BB4E2D78823700C64C80 /* Preview Assets.xcassets */ = {isa = PBXFileReference; lastKnownFileType = folder.assetcatalog; path = "Preview Assets.xcassets"; sourceTree = "<group>"; };
		1A96BB502D78823700C64C80 /* AddProfileView.swift */ = {isa = PBXFileReference; lastKnownFileType = sourcecode.swift; path = AddProfileView.swift; sourceTree = "<group>"; };
		1A96BB512D78823700C64C80 /* AppDelegate.swift */ = {isa = PBXFileReference; lastKnownFileType = sourcecode.swift; path = AppDelegate.swift; sourceTree = "<group>"; };
		1A96BB522D78823700C64C80 /* Assets.xcassets */ = {isa = PBXFileReference; lastKnownFileType = folder.assetcatalog; path = Assets.xcassets; sourceTree = "<group>"; };
		1A96BB532D78823700C64C80 /* AWS_CLI_Gateway.entitlements */ = {isa = PBXFileReference; lastKnownFileType = text.plist.entitlements; path = AWS_CLI_Gateway.entitlements; sourceTree = "<group>"; };
		1A96BB542D78823700C64C80 /* AWS_CLI_GatewayApp.swift */ = {isa = PBXFileReference; lastKnownFileType = sourcecode.swift; path = AWS_CLI_GatewayApp.swift; sourceTree = "<group>"; };
		1A96BB552D78823700C64C80 /* CommandRunner.swift */ = {isa = PBXFileReference; lastKnownFileType = sourcecode.swift; path = CommandRunner.swift; sourceTree = "<group>"; };
		1A96BB562D78823700C64C80 /* ConfigManager.swift */ = {isa = PBXFileReference; lastKnownFileType = sourcecode.swift; path = ConfigManager.swift; sourceTree = "<group>"; };
		1A96BB572D78823700C64C80 /* Constants.swift */ = {isa = PBXFileReference; lastKnownFileType = sourcecode.swift; path = Constants.swift; sourceTree = "<group>"; };
		1A96BB582D78823700C64C80 /* ContentView.swift */ = {isa = PBXFileReference; lastKnownFileType = sourcecode.swift; path = ContentView.swift; sourceTree = "<group>"; };
		1A96BB592D78823700C64C80 /* ContentViewModel.swift */ = {isa = PBXFileReference; lastKnownFileType = sourcecode.swift; path = ContentViewModel.swift; sourceTree = "<group>"; };
		1A96BB5A2D78823700C64C80 /* MenuBarManager.swift */ = {isa = PBXFileReference; lastKnownFileType = sourcecode.swift; path = MenuBarManager.swift; sourceTree = "<group>"; };
		1A96BB5B2D78823700C64C80 /* ProfilesView.swift */ = {isa = PBXFileReference; lastKnownFileType = sourcecode.swift; path = ProfilesView.swift; sourceTree = "<group>"; };
		1A96BB5C2D78823700C64C80 /* SessionCountdownView.swift */ = {isa = PBXFileReference; lastKnownFileType = sourcecode.swift; path = SessionCountdownView.swift; sourceTree = "<group>"; };
		1A96BB5D2D78823700C64C80 /* SessionManager.swift */ = {isa = PBXFileReference; lastKnownFileType = sourcecode.swift; path = SessionManager.swift; sourceTree = "<group>"; };
		1A96BB5E2D78823700C64C80 /* SSOProfile.swift */ = {isa = PBXFileReference; lastKnownFileType = sourcecode.swift; path = SSOProfile.swift; sourceTree = "<group>"; };
		1A96BB5F2D78823700C64C80 /* StatusIndicator.swift */ = {isa = PBXFileReference; lastKnownFileType = sourcecode.swift; path = StatusIndicator.swift; sourceTree = "<group>"; };
		1A96BB602D78823700C64C80 /* WindowManager.swift */ = {isa = PBXFileReference; lastKnownFileType = sourcecode.swift; path = WindowManager.swift; sourceTree = "<group>"; };
		1A96BB952D7B429800C64C80 /* ProfileHistoryManager.swift */ = {isa = PBXFileReference; lastKnownFileType = sourcecode.swift; path = ProfileHistoryManager.swift; sourceTree = "<group>"; };
		1A97FA732D765E300059C29D /* AWS CLI Gateway.app */ = {isa = PBXFileReference; explicitFileType = wrapper.application; includeInIndex = 0; path = "AWS CLI Gateway.app"; sourceTree = BUILT_PRODUCTS_DIR; };
		1A97FA842D765E310059C29D /* AWS CLI GatewayTests.xctest */ = {isa = PBXFileReference; explicitFileType = wrapper.cfbundle; includeInIndex = 0; path = "AWS CLI GatewayTests.xctest"; sourceTree = BUILT_PRODUCTS_DIR; };
		1A97FA8E2D765E310059C29D /* AWS CLI GatewayUITests.xctest */ = {isa = PBXFileReference; explicitFileType = wrapper.cfbundle; includeInIndex = 0; path = "AWS CLI GatewayUITests.xctest"; sourceTree = BUILT_PRODUCTS_DIR; };
		F27D5A472D96E07500261F26 /* ManagerModels.swift */ = {isa = PBXFileReference; lastKnownFileType = sourcecode.swift; path = ManagerModels.swift; sourceTree = "<group>"; };
/* End PBXFileReference section */

/* Begin PBXFrameworksBuildPhase section */
		1A97FA702D765E300059C29D /* Frameworks */ = {
			isa = PBXFrameworksBuildPhase;
			buildActionMask = 2147483647;
			files = (
			);
			runOnlyForDeploymentPostprocessing = 0;
		};
		1A97FA812D765E310059C29D /* Frameworks */ = {
			isa = PBXFrameworksBuildPhase;
			buildActionMask = 2147483647;
			files = (
			);
			runOnlyForDeploymentPostprocessing = 0;
		};
		1A97FA8B2D765E310059C29D /* Frameworks */ = {
			isa = PBXFrameworksBuildPhase;
			buildActionMask = 2147483647;
			files = (
			);
			runOnlyForDeploymentPostprocessing = 0;
		};
/* End PBXFrameworksBuildPhase section */

/* Begin PBXGroup section */
		1A430D3F2D9787E60030579F /* AWS CLI GatewayTests */ = {
			isa = PBXGroup;
			children = (
				1A430D3E2D9787E60030579F /* AWS_CLI_GatewayTests.swift */,
			);
			path = "AWS CLI GatewayTests";
			sourceTree = "<group>";
		};
		1A430D422D9787E60030579F /* AWS CLI GatewayUITests */ = {
			isa = PBXGroup;
			children = (
				1A430D402D9787E60030579F /* AWS_CLI_GatewayUITests.swift */,
				1A430D412D9787E60030579F /* AWS_CLI_GatewayUITestsLaunchTests.swift */,
			);
			path = "AWS CLI GatewayUITests";
			sourceTree = "<group>";
		};
		1A96BB4F2D78823700C64C80 /* Preview Content */ = {
			isa = PBXGroup;
			children = (
				1A96BB4E2D78823700C64C80 /* Preview Assets.xcassets */,
			);
			path = "Preview Content";
			sourceTree = "<group>";
		};
		1A96BB612D78823700C64C80 /* AWS CLI Gateway */ = {
			isa = PBXGroup;
			children = (
				1A96BB4F2D78823700C64C80 /* Preview Content */,
				1A96BB502D78823700C64C80 /* AddProfileView.swift */,
				1A96BB512D78823700C64C80 /* AppDelegate.swift */,
				1A96BB522D78823700C64C80 /* Assets.xcassets */,
				1A96BB532D78823700C64C80 /* AWS_CLI_Gateway.entitlements */,
				1A96BB542D78823700C64C80 /* AWS_CLI_GatewayApp.swift */,
				1A96BB552D78823700C64C80 /* CommandRunner.swift */,
				1A96BB562D78823700C64C80 /* ConfigManager.swift */,
				1A96BB572D78823700C64C80 /* Constants.swift */,
				1A96BB582D78823700C64C80 /* ContentView.swift */,
				1A96BB592D78823700C64C80 /* ContentViewModel.swift */,
				1A96BB5A2D78823700C64C80 /* MenuBarManager.swift */,
				1A7BC9ED2D9C9918003A4C1D /* ScriptManager.swift */,
				1A96BB952D7B429800C64C80 /* ProfileHistoryManager.swift */,
				1A96BB5B2D78823700C64C80 /* ProfilesView.swift */,
				1A96BB5C2D78823700C64C80 /* SessionCountdownView.swift */,
				1A96BB5D2D78823700C64C80 /* SessionManager.swift */,
				1A96BB5E2D78823700C64C80 /* SSOProfile.swift */,
				F27D5A472D96E07500261F26 /* ManagerModels.swift */,
				1A96BB5F2D78823700C64C80 /* StatusIndicator.swift */,
				1A96BB602D78823700C64C80 /* WindowManager.swift */,
				1A1EA61A2D9861F500294D9A /* SSOTokenManager.swift */,
			);
			path = "AWS CLI Gateway";
			sourceTree = "<group>";
		};
		1A97FA6A2D765E300059C29D = {
			isa = PBXGroup;
			children = (
				1A430D3F2D9787E60030579F /* AWS CLI GatewayTests */,
				1A430D422D9787E60030579F /* AWS CLI GatewayUITests */,
				1A96BB612D78823700C64C80 /* AWS CLI Gateway */,
				1A97FA742D765E300059C29D /* Products */,
			);
			sourceTree = "<group>";
		};
		1A97FA742D765E300059C29D /* Products */ = {
			isa = PBXGroup;
			children = (
				1A97FA732D765E300059C29D /* AWS CLI Gateway.app */,
				1A97FA842D765E310059C29D /* AWS CLI GatewayTests.xctest */,
				1A97FA8E2D765E310059C29D /* AWS CLI GatewayUITests.xctest */,
			);
			name = Products;
			sourceTree = "<group>";
		};
/* End PBXGroup section */

/* Begin PBXNativeTarget section */
		1A97FA722D765E300059C29D /* AWS CLI Gateway */ = {
			isa = PBXNativeTarget;
			buildConfigurationList = 1A97FA982D765E310059C29D /* Build configuration list for PBXNativeTarget "AWS CLI Gateway" */;
			buildPhases = (
				1A97FA6F2D765E300059C29D /* Sources */,
				1A97FA702D765E300059C29D /* Frameworks */,
				1A97FA712D765E300059C29D /* Resources */,
			);
			buildRules = (
			);
			dependencies = (
			);
			name = "AWS CLI Gateway";
			packageProductDependencies = (
			);
			productName = "AWS SSO Gateway";
			productReference = 1A97FA732D765E300059C29D /* AWS CLI Gateway.app */;
			productType = "com.apple.product-type.application";
		};
		1A97FA832D765E310059C29D /* AWS CLI GatewayTests */ = {
			isa = PBXNativeTarget;
			buildConfigurationList = 1A97FA9B2D765E310059C29D /* Build configuration list for PBXNativeTarget "AWS CLI GatewayTests" */;
			buildPhases = (
				1A97FA802D765E310059C29D /* Sources */,
				1A97FA812D765E310059C29D /* Frameworks */,
				1A97FA822D765E310059C29D /* Resources */,
			);
			buildRules = (
			);
			dependencies = (
				1A97FA862D765E310059C29D /* PBXTargetDependency */,
			);
			name = "AWS CLI GatewayTests";
			packageProductDependencies = (
			);
			productName = "AWS SSO GatewayTests";
			productReference = 1A97FA842D765E310059C29D /* AWS CLI GatewayTests.xctest */;
			productType = "com.apple.product-type.bundle.unit-test";
		};
		1A97FA8D2D765E310059C29D /* AWS CLI GatewayUITests */ = {
			isa = PBXNativeTarget;
			buildConfigurationList = 1A97FA9E2D765E310059C29D /* Build configuration list for PBXNativeTarget "AWS CLI GatewayUITests" */;
			buildPhases = (
				1A97FA8A2D765E310059C29D /* Sources */,
				1A97FA8B2D765E310059C29D /* Frameworks */,
				1A97FA8C2D765E310059C29D /* Resources */,
			);
			buildRules = (
			);
			dependencies = (
				1A97FA902D765E310059C29D /* PBXTargetDependency */,
			);
			name = "AWS CLI GatewayUITests";
			packageProductDependencies = (
			);
			productName = "AWS SSO GatewayUITests";
			productReference = 1A97FA8E2D765E310059C29D /* AWS CLI GatewayUITests.xctest */;
			productType = "com.apple.product-type.bundle.ui-testing";
		};
/* End PBXNativeTarget section */

/* Begin PBXProject section */
		1A97FA6B2D765E300059C29D /* Project object */ = {
			isa = PBXProject;
			attributes = {
				BuildIndependentTargetsInParallel = 1;
				LastSwiftUpdateCheck = 1620;
				LastUpgradeCheck = 1630;
				TargetAttributes = {
					1A97FA722D765E300059C29D = {
						CreatedOnToolsVersion = 16.2;
					};
					1A97FA832D765E310059C29D = {
						CreatedOnToolsVersion = 16.2;
						TestTargetID = 1A97FA722D765E300059C29D;
					};
					1A97FA8D2D765E310059C29D = {
						CreatedOnToolsVersion = 16.2;
						TestTargetID = 1A97FA722D765E300059C29D;
					};
				};
			};
			buildConfigurationList = 1A97FA6E2D765E300059C29D /* Build configuration list for PBXProject "AWS CLI Gateway" */;
			developmentRegion = en;
			hasScannedForEncodings = 0;
			knownRegions = (
				en,
				Base,
			);
			mainGroup = 1A97FA6A2D765E300059C29D;
			minimizedProjectReferenceProxies = 1;
			preferredProjectObjectVersion = 77;
			productRefGroup = 1A97FA742D765E300059C29D /* Products */;
			projectDirPath = "";
			projectRoot = "";
			targets = (
				1A97FA722D765E300059C29D /* AWS CLI Gateway */,
				1A97FA832D765E310059C29D /* AWS CLI GatewayTests */,
				1A97FA8D2D765E310059C29D /* AWS CLI GatewayUITests */,
			);
		};
/* End PBXProject section */

/* Begin PBXResourcesBuildPhase section */
		1A97FA712D765E300059C29D /* Resources */ = {
			isa = PBXResourcesBuildPhase;
			buildActionMask = 2147483647;
			files = (
				1A96BB622D78823700C64C80 /* Preview Assets.xcassets in Resources */,
				1A96BB632D78823700C64C80 /* Assets.xcassets in Resources */,
			);
			runOnlyForDeploymentPostprocessing = 0;
		};
		1A97FA822D765E310059C29D /* Resources */ = {
			isa = PBXResourcesBuildPhase;
			buildActionMask = 2147483647;
			files = (
				1A96BB822D78823700C64C80 /* Preview Assets.xcassets in Resources */,
				1A96BB832D78823700C64C80 /* Assets.xcassets in Resources */,
			);
			runOnlyForDeploymentPostprocessing = 0;
		};
		1A97FA8C2D765E310059C29D /* Resources */ = {
			isa = PBXResourcesBuildPhase;
			buildActionMask = 2147483647;
			files = (
				1A96BB842D78823700C64C80 /* Preview Assets.xcassets in Resources */,
				1A96BB852D78823700C64C80 /* Assets.xcassets in Resources */,
			);
			runOnlyForDeploymentPostprocessing = 0;
		};
/* End PBXResourcesBuildPhase section */

/* Begin PBXSourcesBuildPhase section */
		1A97FA6F2D765E300059C29D /* Sources */ = {
			isa = PBXSourcesBuildPhase;
			buildActionMask = 2147483647;
			files = (
				1A96BB642D78823700C64C80 /* ProfilesView.swift in Sources */,
				1A96BB652D78823700C64C80 /* StatusIndicator.swift in Sources */,
				1A96BB662D78823700C64C80 /* ContentViewModel.swift in Sources */,
				1A96BB672D78823700C64C80 /* SessionCountdownView.swift in Sources */,
				1A96BB982D7B429D00C64C80 /* ProfileHistoryManager.swift in Sources */,
				F27D5A492D96E07A00261F26 /* ManagerModels.swift in Sources */,
				1A96BB682D78823700C64C80 /* ConfigManager.swift in Sources */,
				1A1EA61B2D9861FB00294D9A /* SSOTokenManager.swift in Sources */,
				1A96BB692D78823700C64C80 /* ContentView.swift in Sources */,
				1A96BB6A2D78823700C64C80 /* SSOProfile.swift in Sources */,
				1A96BB6B2D78823700C64C80 /* AppDelegate.swift in Sources */,
				1A96BB6C2D78823700C64C80 /* WindowManager.swift in Sources */,
				1A96BB6D2D78823700C64C80 /* Constants.swift in Sources */,
				1A96BB6E2D78823700C64C80 /* SessionManager.swift in Sources */,
				1A96BB6F2D78823700C64C80 /* AWS_CLI_GatewayApp.swift in Sources */,
				1A96BB702D78823700C64C80 /* CommandRunner.swift in Sources */,
				1A96BB712D78823700C64C80 /* MenuBarManager.swift in Sources */,
				1A7BC9F02D9C991B003A4C1D /* ScriptManager.swift in Sources */,
				1A96BB722D78823700C64C80 /* AddProfileView.swift in Sources */,
			);
			runOnlyForDeploymentPostprocessing = 0;
		};
		1A97FA802D765E310059C29D /* Sources */ = {
			isa = PBXSourcesBuildPhase;
			buildActionMask = 2147483647;
			files = (
				1A96BB732D78823700C64C80 /* ProfilesView.swift in Sources */,
				1A96BB742D78823700C64C80 /* StatusIndicator.swift in Sources */,
				1A7BC9EE2D9C991B003A4C1D /* ScriptManager.swift in Sources */,
				1A96BB752D78823700C64C80 /* ContentViewModel.swift in Sources */,
				1A96BB762D78823700C64C80 /* SessionCountdownView.swift in Sources */,
				1A96BB962D7B429D00C64C80 /* ProfileHistoryManager.swift in Sources */,
				F27D5A4A2D96E07A00261F26 /* ManagerModels.swift in Sources */,
				1A96BB772D78823700C64C80 /* ConfigManager.swift in Sources */,
				1A96BB782D78823700C64C80 /* ContentView.swift in Sources */,
				1A96BB792D78823700C64C80 /* SSOProfile.swift in Sources */,
				1A96BB7A2D78823700C64C80 /* AppDelegate.swift in Sources */,
				1A96BB7B2D78823700C64C80 /* WindowManager.swift in Sources */,
				1A96BB7C2D78823700C64C80 /* Constants.swift in Sources */,
				1A96BB7D2D78823700C64C80 /* SessionManager.swift in Sources */,
				1A1EA61C2D9861FB00294D9A /* SSOTokenManager.swift in Sources */,
				1A96BB7E2D78823700C64C80 /* AWS_CLI_GatewayApp.swift in Sources */,
				1A96BB7F2D78823700C64C80 /* CommandRunner.swift in Sources */,
				1A96BB802D78823700C64C80 /* MenuBarManager.swift in Sources */,
				1A96BB812D78823700C64C80 /* AddProfileView.swift in Sources */,
				1A430D462D9787E60030579F /* AWS_CLI_GatewayUITestsLaunchTests.swift in Sources */,
				1A430D472D9787E60030579F /* AWS_CLI_GatewayTests.swift in Sources */,
				1A430D482D9787E60030579F /* AWS_CLI_GatewayUITests.swift in Sources */,
			);
			runOnlyForDeploymentPostprocessing = 0;
		};
		1A97FA8A2D765E310059C29D /* Sources */ = {
			isa = PBXSourcesBuildPhase;
			buildActionMask = 2147483647;
			files = (
				1A96BB862D78823700C64C80 /* ProfilesView.swift in Sources */,
				1A96BB872D78823700C64C80 /* StatusIndicator.swift in Sources */,
				1A7BC9EF2D9C991B003A4C1D /* ScriptManager.swift in Sources */,
				1A96BB882D78823700C64C80 /* ContentViewModel.swift in Sources */,
				1A96BB892D78823700C64C80 /* SessionCountdownView.swift in Sources */,
				1A96BB972D7B429D00C64C80 /* ProfileHistoryManager.swift in Sources */,
				F27D5A482D96E07A00261F26 /* ManagerModels.swift in Sources */,
				1A96BB8A2D78823700C64C80 /* ConfigManager.swift in Sources */,
				1A96BB8B2D78823700C64C80 /* ContentView.swift in Sources */,
				1A96BB8C2D78823700C64C80 /* SSOProfile.swift in Sources */,
				1A96BB8D2D78823700C64C80 /* AppDelegate.swift in Sources */,
				1A96BB8E2D78823700C64C80 /* WindowManager.swift in Sources */,
				1A96BB8F2D78823700C64C80 /* Constants.swift in Sources */,
				1A96BB902D78823700C64C80 /* SessionManager.swift in Sources */,
				1A1EA61D2D9861FB00294D9A /* SSOTokenManager.swift in Sources */,
				1A96BB912D78823700C64C80 /* AWS_CLI_GatewayApp.swift in Sources */,
				1A96BB922D78823700C64C80 /* CommandRunner.swift in Sources */,
				1A96BB932D78823700C64C80 /* MenuBarManager.swift in Sources */,
				1A96BB942D78823700C64C80 /* AddProfileView.swift in Sources */,
				1A430D432D9787E60030579F /* AWS_CLI_GatewayUITestsLaunchTests.swift in Sources */,
				1A430D442D9787E60030579F /* AWS_CLI_GatewayTests.swift in Sources */,
				1A430D452D9787E60030579F /* AWS_CLI_GatewayUITests.swift in Sources */,
			);
			runOnlyForDeploymentPostprocessing = 0;
		};
/* End PBXSourcesBuildPhase section */

/* Begin PBXTargetDependency section */
		1A97FA862D765E310059C29D /* PBXTargetDependency */ = {
			isa = PBXTargetDependency;
			target = 1A97FA722D765E300059C29D /* AWS CLI Gateway */;
			targetProxy = 1A97FA852D765E310059C29D /* PBXContainerItemProxy */;
		};
		1A97FA902D765E310059C29D /* PBXTargetDependency */ = {
			isa = PBXTargetDependency;
			target = 1A97FA722D765E300059C29D /* AWS CLI Gateway */;
			targetProxy = 1A97FA8F2D765E310059C29D /* PBXContainerItemProxy */;
		};
/* End PBXTargetDependency section */

/* Begin XCBuildConfiguration section */
		1A97FA962D765E310059C29D /* Debug */ = {
			isa = XCBuildConfiguration;
			buildSettings = {
				ALWAYS_SEARCH_USER_PATHS = NO;
				ASSETCATALOG_COMPILER_GENERATE_SWIFT_ASSET_SYMBOL_EXTENSIONS = YES;
				CLANG_ANALYZER_NONNULL = YES;
				CLANG_ANALYZER_NUMBER_OBJECT_CONVERSION = YES_AGGRESSIVE;
				CLANG_CXX_LANGUAGE_STANDARD = "gnu++20";
				CLANG_ENABLE_MODULES = YES;
				CLANG_ENABLE_OBJC_ARC = YES;
				CLANG_ENABLE_OBJC_WEAK = YES;
				CLANG_WARN_BLOCK_CAPTURE_AUTORELEASING = YES;
				CLANG_WARN_BOOL_CONVERSION = YES;
				CLANG_WARN_COMMA = YES;
				CLANG_WARN_CONSTANT_CONVERSION = YES;
				CLANG_WARN_DEPRECATED_OBJC_IMPLEMENTATIONS = YES;
				CLANG_WARN_DIRECT_OBJC_ISA_USAGE = YES_ERROR;
				CLANG_WARN_DOCUMENTATION_COMMENTS = YES;
				CLANG_WARN_EMPTY_BODY = YES;
				CLANG_WARN_ENUM_CONVERSION = YES;
				CLANG_WARN_INFINITE_RECURSION = YES;
				CLANG_WARN_INT_CONVERSION = YES;
				CLANG_WARN_NON_LITERAL_NULL_CONVERSION = YES;
				CLANG_WARN_OBJC_IMPLICIT_RETAIN_SELF = YES;
				CLANG_WARN_OBJC_LITERAL_CONVERSION = YES;
				CLANG_WARN_OBJC_ROOT_CLASS = YES_ERROR;
				CLANG_WARN_QUOTED_INCLUDE_IN_FRAMEWORK_HEADER = YES;
				CLANG_WARN_RANGE_LOOP_ANALYSIS = YES;
				CLANG_WARN_STRICT_PROTOTYPES = YES;
				CLANG_WARN_SUSPICIOUS_MOVE = YES;
				CLANG_WARN_UNGUARDED_AVAILABILITY = YES_AGGRESSIVE;
				CLANG_WARN_UNREACHABLE_CODE = YES;
				CLANG_WARN__DUPLICATE_METHOD_MATCH = YES;
				COPY_PHASE_STRIP = NO;
				DEAD_CODE_STRIPPING = YES;
				DEBUG_INFORMATION_FORMAT = dwarf;
				ENABLE_STRICT_OBJC_MSGSEND = YES;
				ENABLE_TESTABILITY = YES;
				ENABLE_USER_SCRIPT_SANDBOXING = YES;
				GCC_C_LANGUAGE_STANDARD = gnu17;
				GCC_DYNAMIC_NO_PIC = NO;
				GCC_NO_COMMON_BLOCKS = YES;
				GCC_OPTIMIZATION_LEVEL = 0;
				GCC_PREPROCESSOR_DEFINITIONS = (
					"DEBUG=1",
					"$(inherited)",
				);
				GCC_WARN_64_TO_32_BIT_CONVERSION = YES;
				GCC_WARN_ABOUT_RETURN_TYPE = YES_ERROR;
				GCC_WARN_UNDECLARED_SELECTOR = YES;
				GCC_WARN_UNINITIALIZED_AUTOS = YES_AGGRESSIVE;
				GCC_WARN_UNUSED_FUNCTION = YES;
				GCC_WARN_UNUSED_VARIABLE = YES;
				LOCALIZATION_PREFERS_STRING_CATALOGS = YES;
				MACOSX_DEPLOYMENT_TARGET = 15.2;
				MTL_ENABLE_DEBUG_INFO = INCLUDE_SOURCE;
				MTL_FAST_MATH = YES;
				ONLY_ACTIVE_ARCH = YES;
				SDKROOT = macosx;
				SWIFT_ACTIVE_COMPILATION_CONDITIONS = "DEBUG $(inherited)";
				SWIFT_OPTIMIZATION_LEVEL = "-Onone";
			};
			name = Debug;
		};
		1A97FA972D765E310059C29D /* Release */ = {
			isa = XCBuildConfiguration;
			buildSettings = {
				ALWAYS_SEARCH_USER_PATHS = NO;
				ASSETCATALOG_COMPILER_GENERATE_SWIFT_ASSET_SYMBOL_EXTENSIONS = YES;
				CLANG_ANALYZER_NONNULL = YES;
				CLANG_ANALYZER_NUMBER_OBJECT_CONVERSION = YES_AGGRESSIVE;
				CLANG_CXX_LANGUAGE_STANDARD = "gnu++20";
				CLANG_ENABLE_MODULES = YES;
				CLANG_ENABLE_OBJC_ARC = YES;
				CLANG_ENABLE_OBJC_WEAK = YES;
				CLANG_WARN_BLOCK_CAPTURE_AUTORELEASING = YES;
				CLANG_WARN_BOOL_CONVERSION = YES;
				CLANG_WARN_COMMA = YES;
				CLANG_WARN_CONSTANT_CONVERSION = YES;
				CLANG_WARN_DEPRECATED_OBJC_IMPLEMENTATIONS = YES;
				CLANG_WARN_DIRECT_OBJC_ISA_USAGE = YES_ERROR;
				CLANG_WARN_DOCUMENTATION_COMMENTS = YES;
				CLANG_WARN_EMPTY_BODY = YES;
				CLANG_WARN_ENUM_CONVERSION = YES;
				CLANG_WARN_INFINITE_RECURSION = YES;
				CLANG_WARN_INT_CONVERSION = YES;
				CLANG_WARN_NON_LITERAL_NULL_CONVERSION = YES;
				CLANG_WARN_OBJC_IMPLICIT_RETAIN_SELF = YES;
				CLANG_WARN_OBJC_LITERAL_CONVERSION = YES;
				CLANG_WARN_OBJC_ROOT_CLASS = YES_ERROR;
				CLANG_WARN_QUOTED_INCLUDE_IN_FRAMEWORK_HEADER = YES;
				CLANG_WARN_RANGE_LOOP_ANALYSIS = YES;
				CLANG_WARN_STRICT_PROTOTYPES = YES;
				CLANG_WARN_SUSPICIOUS_MOVE = YES;
				CLANG_WARN_UNGUARDED_AVAILABILITY = YES_AGGRESSIVE;
				CLANG_WARN_UNREACHABLE_CODE = YES;
				CLANG_WARN__DUPLICATE_METHOD_MATCH = YES;
				COPY_PHASE_STRIP = NO;
				DEAD_CODE_STRIPPING = YES;
				DEBUG_INFORMATION_FORMAT = "dwarf-with-dsym";
				ENABLE_NS_ASSERTIONS = NO;
				ENABLE_STRICT_OBJC_MSGSEND = YES;
				ENABLE_USER_SCRIPT_SANDBOXING = YES;
				GCC_C_LANGUAGE_STANDARD = gnu17;
				GCC_NO_COMMON_BLOCKS = YES;
				GCC_WARN_64_TO_32_BIT_CONVERSION = YES;
				GCC_WARN_ABOUT_RETURN_TYPE = YES_ERROR;
				GCC_WARN_UNDECLARED_SELECTOR = YES;
				GCC_WARN_UNINITIALIZED_AUTOS = YES_AGGRESSIVE;
				GCC_WARN_UNUSED_FUNCTION = YES;
				GCC_WARN_UNUSED_VARIABLE = YES;
				LOCALIZATION_PREFERS_STRING_CATALOGS = YES;
				MACOSX_DEPLOYMENT_TARGET = 15.2;
				MTL_ENABLE_DEBUG_INFO = NO;
				MTL_FAST_MATH = YES;
				SDKROOT = macosx;
				SWIFT_COMPILATION_MODE = wholemodule;
			};
			name = Release;
		};
		1A97FA992D765E310059C29D /* Debug */ = {
			isa = XCBuildConfiguration;
			buildSettings = {
				ASSETCATALOG_COMPILER_APPICON_NAME = AppIcon;
				ASSETCATALOG_COMPILER_GLOBAL_ACCENT_COLOR_NAME = AccentColor;
				CODE_SIGN_ENTITLEMENTS = "AWS CLI Gateway/AWS_CLI_Gateway.entitlements";
				CODE_SIGN_IDENTITY = "Apple Development";
				"CODE_SIGN_IDENTITY[sdk=macosx*]" = "-";
				CODE_SIGN_STYLE = Automatic;
				COMBINE_HIDPI_IMAGES = YES;
				CURRENT_PROJECT_VERSION = 1;
				DEAD_CODE_STRIPPING = YES;
				DEVELOPMENT_ASSET_PATHS = "\"AWS CLI Gateway/Preview Content\"";
				DEVELOPMENT_TEAM = J479S78JUN;
				ENABLE_HARDENED_RUNTIME = YES;
				ENABLE_PREVIEWS = YES;
				GENERATE_INFOPLIST_FILE = YES;
				INFOPLIST_FILE = "AWS-CLI-Gateway-Info.plist";
				INFOPLIST_KEY_CFBundleDisplayName = "AWS CLI Gateway";
				INFOPLIST_KEY_LSApplicationCategoryType = "public.app-category.utilities";
				INFOPLIST_KEY_LSUIElement = YES;
				INFOPLIST_KEY_NSHumanReadableCopyright = "";
				LD_RUNPATH_SEARCH_PATHS = (
					"$(inherited)",
					"@executable_path/../Frameworks",
				);
				MACOSX_DEPLOYMENT_TARGET = 15.2;
				MARKETING_VERSION = 0.4.0;
				PRODUCT_BUNDLE_IDENTIFIER = "com.nyitg.AWS-CLI-Gateway";
				PRODUCT_NAME = "$(TARGET_NAME)";
				PROVISIONING_PROFILE_SPECIFIER = "";
				SWIFT_EMIT_LOC_STRINGS = YES;
				SWIFT_VERSION = 5.0;
			};
			name = Debug;
		};
		1A97FA9A2D765E310059C29D /* Release */ = {
			isa = XCBuildConfiguration;
			buildSettings = {
				ASSETCATALOG_COMPILER_APPICON_NAME = AppIcon;
				ASSETCATALOG_COMPILER_GLOBAL_ACCENT_COLOR_NAME = AccentColor;
				CODE_SIGN_ENTITLEMENTS = "AWS CLI Gateway/AWS_CLI_Gateway.entitlements";
				CODE_SIGN_IDENTITY = "Apple Development";
				CODE_SIGN_STYLE = Automatic;
				COMBINE_HIDPI_IMAGES = YES;
				CURRENT_PROJECT_VERSION = 1;
				DEAD_CODE_STRIPPING = YES;
				DEVELOPMENT_ASSET_PATHS = "\"AWS CLI Gateway/Preview Content\"";
				DEVELOPMENT_TEAM = J479S78JUN;
				ENABLE_HARDENED_RUNTIME = YES;
				ENABLE_PREVIEWS = YES;
				GENERATE_INFOPLIST_FILE = YES;
				INFOPLIST_FILE = "AWS-CLI-Gateway-Info.plist";
				INFOPLIST_KEY_CFBundleDisplayName = "AWS CLI Gateway";
				INFOPLIST_KEY_LSApplicationCategoryType = "public.app-category.utilities";
				INFOPLIST_KEY_LSUIElement = YES;
				INFOPLIST_KEY_NSHumanReadableCopyright = "";
				LD_RUNPATH_SEARCH_PATHS = (
					"$(inherited)",
					"@executable_path/../Frameworks",
				);
				MACOSX_DEPLOYMENT_TARGET = 15.2;
				MARKETING_VERSION = 0.4.0;
				PRODUCT_BUNDLE_IDENTIFIER = "com.nyitg.AWS-CLI-Gateway";
				PRODUCT_NAME = "$(TARGET_NAME)";
				PROVISIONING_PROFILE_SPECIFIER = "";
				SWIFT_EMIT_LOC_STRINGS = YES;
				SWIFT_VERSION = 5.0;
			};
			name = Release;
		};
		1A97FA9C2D765E310059C29D /* Debug */ = {
			isa = XCBuildConfiguration;
			buildSettings = {
				BUNDLE_LOADER = "$(TEST_HOST)";
				CODE_SIGN_STYLE = Automatic;
				CURRENT_PROJECT_VERSION = 1;
				DEAD_CODE_STRIPPING = YES;
				GENERATE_INFOPLIST_FILE = YES;
				MACOSX_DEPLOYMENT_TARGET = 15.2;
				MARKETING_VERSION = 1.0;
				PRODUCT_BUNDLE_IDENTIFIER = "com.nyitg.AWS-CLI-GatewayTests";
				PRODUCT_NAME = "$(TARGET_NAME)";
				SWIFT_EMIT_LOC_STRINGS = NO;
				SWIFT_VERSION = 5.0;
				TEST_HOST = "$(BUILT_PRODUCTS_DIR)/AWS CLI Gateway.app/$(BUNDLE_EXECUTABLE_FOLDER_PATH)/AWS CLI Gateway";
			};
			name = Debug;
		};
		1A97FA9D2D765E310059C29D /* Release */ = {
			isa = XCBuildConfiguration;
			buildSettings = {
				BUNDLE_LOADER = "$(TEST_HOST)";
				CODE_SIGN_STYLE = Automatic;
				CURRENT_PROJECT_VERSION = 1;
				DEAD_CODE_STRIPPING = YES;
				GENERATE_INFOPLIST_FILE = YES;
				MACOSX_DEPLOYMENT_TARGET = 15.2;
				MARKETING_VERSION = 1.0;
				PRODUCT_BUNDLE_IDENTIFIER = "com.nyitg.AWS-CLI-GatewayTests";
				PRODUCT_NAME = "$(TARGET_NAME)";
				SWIFT_EMIT_LOC_STRINGS = NO;
				SWIFT_VERSION = 5.0;
				TEST_HOST = "$(BUILT_PRODUCTS_DIR)/AWS CLI Gateway.app/$(BUNDLE_EXECUTABLE_FOLDER_PATH)/AWS CLI Gateway";
			};
			name = Release;
		};
		1A97FA9F2D765E310059C29D /* Debug */ = {
			isa = XCBuildConfiguration;
			buildSettings = {
				CODE_SIGN_STYLE = Automatic;
				CURRENT_PROJECT_VERSION = 1;
				DEAD_CODE_STRIPPING = YES;
				GENERATE_INFOPLIST_FILE = YES;
				MARKETING_VERSION = 1.0;
				PRODUCT_BUNDLE_IDENTIFIER = "com.nyitg.AWS-CLI-GatewayUITests";
				PRODUCT_NAME = "$(TARGET_NAME)";
				SWIFT_EMIT_LOC_STRINGS = NO;
				SWIFT_VERSION = 5.0;
				TEST_TARGET_NAME = "AWS CLI Gateway";
			};
			name = Debug;
		};
		1A97FAA02D765E310059C29D /* Release */ = {
			isa = XCBuildConfiguration;
			buildSettings = {
				CODE_SIGN_STYLE = Automatic;
				CURRENT_PROJECT_VERSION = 1;
				DEAD_CODE_STRIPPING = YES;
				GENERATE_INFOPLIST_FILE = YES;
				MARKETING_VERSION = 1.0;
				PRODUCT_BUNDLE_IDENTIFIER = "com.nyitg.AWS-CLI-GatewayUITests";
				PRODUCT_NAME = "$(TARGET_NAME)";
				SWIFT_EMIT_LOC_STRINGS = NO;
				SWIFT_VERSION = 5.0;
				TEST_TARGET_NAME = "AWS CLI Gateway";
			};
			name = Release;
		};
/* End XCBuildConfiguration section */

/* Begin XCConfigurationList section */
		1A97FA6E2D765E300059C29D /* Build configuration list for PBXProject "AWS CLI Gateway" */ = {
			isa = XCConfigurationList;
			buildConfigurations = (
				1A97FA962D765E310059C29D /* Debug */,
				1A97FA972D765E310059C29D /* Release */,
			);
			defaultConfigurationIsVisible = 0;
			defaultConfigurationName = Release;
		};
		1A97FA982D765E310059C29D /* Build configuration list for PBXNativeTarget "AWS CLI Gateway" */ = {
			isa = XCConfigurationList;
			buildConfigurations = (
				1A97FA992D765E310059C29D /* Debug */,
				1A97FA9A2D765E310059C29D /* Release */,
			);
			defaultConfigurationIsVisible = 0;
			defaultConfigurationName = Release;
		};
		1A97FA9B2D765E310059C29D /* Build configuration list for PBXNativeTarget "AWS CLI GatewayTests" */ = {
			isa = XCConfigurationList;
			buildConfigurations = (
				1A97FA9C2D765E310059C29D /* Debug */,
				1A97FA9D2D765E310059C29D /* Release */,
			);
			defaultConfigurationIsVisible = 0;
			defaultConfigurationName = Release;
		};
		1A97FA9E2D765E310059C29D /* Build configuration list for PBXNativeTarget "AWS CLI GatewayUITests" */ = {
			isa = XCConfigurationList;
			buildConfigurations = (
				1A97FA9F2D765E310059C29D /* Debug */,
				1A97FAA02D765E310059C29D /* Release */,
			);
			defaultConfigurationIsVisible = 0;
			defaultConfigurationName = Release;
		};
/* End XCConfigurationList section */
	};
	rootObject = 1A97FA6B2D765E300059C29D /* Project object */;
}
